Microsoft Visual Studio Solution File, Format Version 12.00
# Visual Studio Version 17
VisualStudioVersion = 17.5.2.0
MinimumVisualStudioVersion = 10.0.40219.1
Project("{2150E333-8FDC-42A3-9474-1A3956D46DE8}") = "videocore-auth", "videocore-auth", "{255F4215-6108-D754-6354-898B5244F8EF}"
EndProject
Project("{FAE04EC0-301F-11D3-BF4B-00C04F79EFBC}") = "function", "./VideoCoreAuth/function.csproj", "{04A8F42B-D31A-011E-2438-CF9447768842}"
EndProject
Project("{FAE04EC0-301F-11D3-BF4B-00C04F79EFBC}") = "VideoCoreAuth.Tests", "./VideoCoreAuth.Tests/VideoCoreAuth.Tests.csproj", "{B5A8F42B-D31A-011E-2438-CF9447768843}"
EndProject
Global
	GlobalSection(SolutionConfigurationPlatforms) = preSolution
		Debug|Any CPU = Debug|Any CPU
		Release|Any CPU = Release|Any CPU
	EndGlobalSection
	GlobalSection(ProjectConfigurationPlatforms) = postSolution
		{04A8F42B-D31A-011E-2438-CF9447768842}.Debug|Any CPU.ActiveCfg = Debug|Any CPU
		{04A8F42B-D31A-011E-2438-CF9447768842}.Debug|Any CPU.Build.0 = Debug|Any CPU
		{04A8F42B-D31A-011E-2438-CF9447768842}.Release|Any CPU.ActiveCfg = Release|Any CPU
		{04A8F42B-D31A-011E-2438-CF9447768842}.Release|Any CPU.Build.0 = Release|Any CPU
		{B5A8F42B-D31A-011E-2438-CF9447768843}.Debug|Any CPU.ActiveCfg = Debug|Any CPU
		{B5A8F42B-D31A-011E-2438-CF9447768843}.Debug|Any CPU.Build.0 = Debug|Any CPU
		{B5A8F42B-D31A-011E-2438-CF9447768843}.Release|Any CPU.ActiveCfg = Release|Any CPU
		{B5A8F42B-D31A-011E-2438-CF9447768843}.Release|Any CPU.Build.0 = Release|Any CPU
	EndGlobalSection
	GlobalSection(SolutionProperties) = preSolution
		HideSolutionNode = FALSE
	EndGlobalSection
	GlobalSection(NestedProjects) = preSolution
		{04A8F42B-D31A-011E-2438-CF9447768842} = {255F4215-6108-D754-6354-898B5244F8EF}
		{B5A8F42B-D31A-011E-2438-CF9447768843} = {255F4215-6108-D754-6354-898B5244F8EF}
	EndGlobalSection
	GlobalSection(ExtensibilityGlobals) = postSolution
		SolutionGuid = {14A1DC0C-1A80-471B-ACFA-F2B36E9A107C}
	EndGlobalSection
EndGlobal
